
Microsoft Visual Studio Solution File, Format Version 12.00
# Visual Studio Version 17
VisualStudioVersion = 17.14.36511.14 d17.14
MinimumVisualStudioVersion = 10.0.40219.1
Project("{FAE04EC0-301F-11D3-BF4B-00C04F79EFBC}") = "Chat_app_247", "Chat_app_247\Chat_app_247.csproj", "{D0629DF6-CEA8-4484-9F95-2ED1B07A2A24}"
EndProject
Global
	GlobalSection(SolutionConfigurationPlatforms) = preSolution
		Debug|Any CPU = Debug|Any CPU
		Release|Any CPU = Release|Any CPU
	EndGlobalSection
	GlobalSection(ProjectConfigurationPlatforms) = postSolution
		{D0629DF6-CEA8-4484-9F95-2ED1B07A2A24}.Debug|Any CPU.ActiveCfg = Debug|Any CPU
		{D0629DF6-CEA8-4484-9F95-2ED1B07A2A24}.Debug|Any CPU.Build.0 = Debug|Any CPU
		{D0629DF6-CEA8-4484-9F95-2ED1B07A2A24}.Release|Any CPU.ActiveCfg = Release|Any CPU
		{D0629DF6-CEA8-4484-9F95-2ED1B07A2A24}.Release|Any CPU.Build.0 = Release|Any CPU
	EndGlobalSection
	GlobalSection(SolutionProperties) = preSolution
		HideSolutionNode = FALSE
	EndGlobalSection
	GlobalSection(ExtensibilityGlobals) = postSolution
		SolutionGuid = {0EE678AA-B772-4EAB-90F9-14FFFF0A525F}
	EndGlobalSection
EndGlobal
